
Microsoft Visual Studio Solution File, Format Version 12.00
# Visual Studio 15
VisualStudioVersion = 15.0.27428.2037
MinimumVisualStudioVersion = 10.0.40219.1
Project("{8BC9CEB8-8B4A-11D0-8D11-00A0C91BC942}") = "WorkingSetStudy", "WorkingSetStudy\WorkingSetStudy.vcxproj", "{583D9A5B-6E91-491B-BF6C-18ABAD09C5E6}"
EndProject
Project("{8BC9CEB8-8B4A-11D0-8D11-00A0C91BC942}") = "MatrixFile", "MatrixFile\MatrixFile.vcxproj", "{56AEA0B7-CBFC-40B5-A233-1C351B82811E}"
EndProject
Global
	GlobalSection(SolutionConfigurationPlatforms) = preSolution
		Debug|x64 = Debug|x64
		Debug|x86 = Debug|x86
		Release|x64 = Release|x64
		Release|x86 = Release|x86
	EndGlobalSection
	GlobalSection(ProjectConfigurationPlatforms) = postSolution
		{583D9A5B-6E91-491B-BF6C-18ABAD09C5E6}.Debug|x64.ActiveCfg = Debug|x64
		{583D9A5B-6E91-491B-BF6C-18ABAD09C5E6}.Debug|x64.Build.0 = Debug|x64
		{583D9A5B-6E91-491B-BF6C-18ABAD09C5E6}.Debug|x86.ActiveCfg = Debug|Win32
		{583D9A5B-6E91-491B-BF6C-18ABAD09C5E6}.Debug|x86.Build.0 = Debug|Win32
		{583D9A5B-6E91-491B-BF6C-18ABAD09C5E6}.Release|x64.ActiveCfg = Release|x64
		{583D9A5B-6E91-491B-BF6C-18ABAD09C5E6}.Release|x64.Build.0 = Release|x64
		{583D9A5B-6E91-491B-BF6C-18ABAD09C5E6}.Release|x86.ActiveCfg = Release|Win32
		{583D9A5B-6E91-491B-BF6C-18ABAD09C5E6}.Release|x86.Build.0 = Release|Win32
		{56AEA0B7-CBFC-40B5-A233-1C351B82811E}.Debug|x64.ActiveCfg = Debug|x64
		{56AEA0B7-CBFC-40B5-A233-1C351B82811E}.Debug|x64.Build.0 = Debug|x64
		{56AEA0B7-CBFC-40B5-A233-1C351B82811E}.Debug|x86.ActiveCfg = Debug|Win32
		{56AEA0B7-CBFC-40B5-A233-1C351B82811E}.Debug|x86.Build.0 = Debug|Win32
		{56AEA0B7-CBFC-40B5-A233-1C351B82811E}.Release|x64.ActiveCfg = Release|x64
		{56AEA0B7-CBFC-40B5-A233-1C351B82811E}.Release|x64.Build.0 = Release|x64
		{56AEA0B7-CBFC-40B5-A233-1C351B82811E}.Release|x86.ActiveCfg = Release|Win32
		{56AEA0B7-CBFC-40B5-A233-1C351B82811E}.Release|x86.Build.0 = Release|Win32
	EndGlobalSection
	GlobalSection(SolutionProperties) = preSolution
		HideSolutionNode = FALSE
	EndGlobalSection
	GlobalSection(ExtensibilityGlobals) = postSolution
		SolutionGuid = {107C8DE0-37DC-4F52-9B44-1F79F62FAF27}
	EndGlobalSection
EndGlobal
